
Microsoft Visual Studio Solution File, Format Version 12.00
# Visual Studio Version 16
VisualStudioVersion = 16.0.30907.101
MinimumVisualStudioVersion = 10.0.40219.1
Project("{FAE04EC0-301F-11D3-BF4B-00C04F79EFBC}") = "odev5_abstract_interface", "odev5_abstract_interface\odev5_abstract_interface.csproj", "{5B2DA98A-158C-428B-A795-1D627E8EC5C3}"
EndProject
Global
	GlobalSection(SolutionConfigurationPlatforms) = preSolution
		Debug|Any CPU = Debug|Any CPU
		Release|Any CPU = Release|Any CPU
	EndGlobalSection
	GlobalSection(ProjectConfigurationPlatforms) = postSolution
		{5B2DA98A-158C-428B-A795-1D627E8EC5C3}.Debug|Any CPU.ActiveCfg = Debug|Any CPU
		{5B2DA98A-158C-428B-A795-1D627E8EC5C3}.Debug|Any CPU.Build.0 = Debug|Any CPU
		{5B2DA98A-158C-428B-A795-1D627E8EC5C3}.Release|Any CPU.ActiveCfg = Release|Any CPU
		{5B2DA98A-158C-428B-A795-1D627E8EC5C3}.Release|Any CPU.Build.0 = Release|Any CPU
	EndGlobalSection
	GlobalSection(SolutionProperties) = preSolution
		HideSolutionNode = FALSE
	EndGlobalSection
	GlobalSection(ExtensibilityGlobals) = postSolution
		SolutionGuid = {97A43168-A285-4844-8C1E-A44A090BA0AD}
	EndGlobalSection
EndGlobal
